{
  "name": "lwe8-textile-types",
  "version": "0.1.1",
  "lockfileVersion": 3,
  "requires": true,
  "packages": {
    "": {
      "name": "lwe8-textile-types",
      "version": "0.1.1",
      "license": "ISC",
      "dependencies": {
        "@types/hast": "^3.0.4"
      }
    },
    "node_modules/@types/hast": {
      "version": "3.0.4",
      "resolved": "https://registry.npmjs.org/@types/hast/-/hast-3.0.4.tgz",
      "integrity": "sha512-WPs+bbQw5aCj+x6laNGWLH3wviHtoCv/P3+otBhbOhJgG8qtpdAMlTCxLtsTWA7LH1Oh/bFCHsBn0TPS5m30EQ==",
      "license": "MIT",
      "dependencies": {
        "@types/unist": "*"
      }
    },
    "node_modules/@types/unist": {
      "version": "3.0.3",
      "resolved": "https://registry.npmjs.org/@types/unist/-/unist-3.0.3.tgz",
      "integrity": "sha512-ko/gIFJRv177XgZsZcBwnqJN5x/Gien8qNOn0D5bQU/zAzVf9Zt3BlcUiLqhV9y4ARk0GbT3tnUiPNgnTXzc/Q==",
      "license": "MIT"
    }
  }
}
